
Microsoft Visual Studio Solution File, Format Version 10.00
# Visual Studio 2008
Project("{8BC9CEB8-8B4A-11D0-8D11-00A0C91BC942}") = "Master", "Master.vcproj", "{322257BF-5A44-4278-A03D-0E54DC70D9A7}"
EndProject
Project("{8BC9CEB8-8B4A-11D0-8D11-00A0C91BC942}") = "Slave", "Slave.vcproj", "{CADD7474-4F99-4D25-8C29-41126D6BD818}"
EndProject
Project("{8BC9CEB8-8B4A-11D0-8D11-00A0C91BC942}") = "Spider", "Spider.vcproj", "{31EEC862-5CEE-48D0-8BA4-75BC847B96D5}"
	ProjectSection(ProjectDependencies) = postProject
		{DCB29D10-549D-49BC-AED1-1793F1EA3434} = {DCB29D10-549D-49BC-AED1-1793F1EA3434}
	EndProjectSection
EndProject
Project("{8BC9CEB8-8B4A-11D0-8D11-00A0C91BC942}") = "Client", "Client.vcproj", "{01D4B915-B942-4CC0-98D2-F895D116B13A}"
EndProject
Project("{8BC9CEB8-8B4A-11D0-8D11-00A0C91BC942}") = "Server", "Server.vcproj", "{0EE79A06-952A-4015-8F1F-64111044FDC7}"
EndProject
Project("{8BC9CEB8-8B4A-11D0-8D11-00A0C91BC942}") = "TestCase", "TestCase.vcproj", "{C7283CA2-FA9F-4F91-9984-0AC1A29958C0}"
EndProject
Project("{8BC9CEB8-8B4A-11D0-8D11-00A0C91BC942}") = "Porting", "Porting.vcproj", "{DCB29D10-549D-49BC-AED1-1793F1EA3434}"
EndProject
Project("{8BC9CEB8-8B4A-11D0-8D11-00A0C91BC942}") = "gtest", "..\3rd\gtest-1.6.0\msvc\gtest.vcproj", "{C8F6C172-56F2-4E76-B5FA-C3B423B31BE7}"
EndProject
Project("{8BC9CEB8-8B4A-11D0-8D11-00A0C91BC942}") = "lib_json", "..\3rd\jsoncpp-src-0.5.0\makefiles\vs71\lib_json.vcproj", "{B84F7231-16CE-41D8-8C08-7B523FF4225B}"
EndProject
Project("{8BC9CEB8-8B4A-11D0-8D11-00A0C91BC942}") = "Spider2", "Spider2.vcproj", "{450203B4-9505-4481-B0C8-8216C76E3404}"
EndProject
Global
	GlobalSection(SolutionConfigurationPlatforms) = preSolution
		Debug|Win32 = Debug|Win32
		dummy|Win32 = dummy|Win32
		Release|Win32 = Release|Win32
		small|Win32 = small|Win32
	EndGlobalSection
	GlobalSection(ProjectConfigurationPlatforms) = postSolution
		{322257BF-5A44-4278-A03D-0E54DC70D9A7}.Debug|Win32.ActiveCfg = Debug|Win32
		{322257BF-5A44-4278-A03D-0E54DC70D9A7}.Debug|Win32.Build.0 = Debug|Win32
		{322257BF-5A44-4278-A03D-0E54DC70D9A7}.dummy|Win32.ActiveCfg = Debug|Win32
		{322257BF-5A44-4278-A03D-0E54DC70D9A7}.dummy|Win32.Build.0 = Debug|Win32
		{322257BF-5A44-4278-A03D-0E54DC70D9A7}.Release|Win32.ActiveCfg = Release|Win32
		{322257BF-5A44-4278-A03D-0E54DC70D9A7}.Release|Win32.Build.0 = Release|Win32
		{322257BF-5A44-4278-A03D-0E54DC70D9A7}.small|Win32.ActiveCfg = Release|Win32
		{322257BF-5A44-4278-A03D-0E54DC70D9A7}.small|Win32.Build.0 = Release|Win32
		{CADD7474-4F99-4D25-8C29-41126D6BD818}.Debug|Win32.ActiveCfg = Debug|Win32
		{CADD7474-4F99-4D25-8C29-41126D6BD818}.Debug|Win32.Build.0 = Debug|Win32
		{CADD7474-4F99-4D25-8C29-41126D6BD818}.dummy|Win32.ActiveCfg = Debug|Win32
		{CADD7474-4F99-4D25-8C29-41126D6BD818}.dummy|Win32.Build.0 = Debug|Win32
		{CADD7474-4F99-4D25-8C29-41126D6BD818}.Release|Win32.ActiveCfg = Release|Win32
		{CADD7474-4F99-4D25-8C29-41126D6BD818}.Release|Win32.Build.0 = Release|Win32
		{CADD7474-4F99-4D25-8C29-41126D6BD818}.small|Win32.ActiveCfg = Release|Win32
		{CADD7474-4F99-4D25-8C29-41126D6BD818}.small|Win32.Build.0 = Release|Win32
		{31EEC862-5CEE-48D0-8BA4-75BC847B96D5}.Debug|Win32.ActiveCfg = Debug|Win32
		{31EEC862-5CEE-48D0-8BA4-75BC847B96D5}.Debug|Win32.Build.0 = Debug|Win32
		{31EEC862-5CEE-48D0-8BA4-75BC847B96D5}.dummy|Win32.ActiveCfg = Debug|Win32
		{31EEC862-5CEE-48D0-8BA4-75BC847B96D5}.dummy|Win32.Build.0 = Debug|Win32
		{31EEC862-5CEE-48D0-8BA4-75BC847B96D5}.Release|Win32.ActiveCfg = Release|Win32
		{31EEC862-5CEE-48D0-8BA4-75BC847B96D5}.Release|Win32.Build.0 = Release|Win32
		{31EEC862-5CEE-48D0-8BA4-75BC847B96D5}.small|Win32.ActiveCfg = Release|Win32
		{31EEC862-5CEE-48D0-8BA4-75BC847B96D5}.small|Win32.Build.0 = Release|Win32
		{01D4B915-B942-4CC0-98D2-F895D116B13A}.Debug|Win32.ActiveCfg = Debug|Win32
		{01D4B915-B942-4CC0-98D2-F895D116B13A}.Debug|Win32.Build.0 = Debug|Win32
		{01D4B915-B942-4CC0-98D2-F895D116B13A}.dummy|Win32.ActiveCfg = Debug|Win32
		{01D4B915-B942-4CC0-98D2-F895D116B13A}.dummy|Win32.Build.0 = Debug|Win32
		{01D4B915-B942-4CC0-98D2-F895D116B13A}.Release|Win32.ActiveCfg = Release|Win32
		{01D4B915-B942-4CC0-98D2-F895D116B13A}.Release|Win32.Build.0 = Release|Win32
		{01D4B915-B942-4CC0-98D2-F895D116B13A}.small|Win32.ActiveCfg = Release|Win32
		{01D4B915-B942-4CC0-98D2-F895D116B13A}.small|Win32.Build.0 = Release|Win32
		{0EE79A06-952A-4015-8F1F-64111044FDC7}.Debug|Win32.ActiveCfg = Debug|Win32
		{0EE79A06-952A-4015-8F1F-64111044FDC7}.Debug|Win32.Build.0 = Debug|Win32
		{0EE79A06-952A-4015-8F1F-64111044FDC7}.dummy|Win32.ActiveCfg = Debug|Win32
		{0EE79A06-952A-4015-8F1F-64111044FDC7}.dummy|Win32.Build.0 = Debug|Win32
		{0EE79A06-952A-4015-8F1F-64111044FDC7}.Release|Win32.ActiveCfg = Release|Win32
		{0EE79A06-952A-4015-8F1F-64111044FDC7}.Release|Win32.Build.0 = Release|Win32
		{0EE79A06-952A-4015-8F1F-64111044FDC7}.small|Win32.ActiveCfg = Release|Win32
		{0EE79A06-952A-4015-8F1F-64111044FDC7}.small|Win32.Build.0 = Release|Win32
		{C7283CA2-FA9F-4F91-9984-0AC1A29958C0}.Debug|Win32.ActiveCfg = Debug|Win32
		{C7283CA2-FA9F-4F91-9984-0AC1A29958C0}.Debug|Win32.Build.0 = Debug|Win32
		{C7283CA2-FA9F-4F91-9984-0AC1A29958C0}.dummy|Win32.ActiveCfg = Debug|Win32
		{C7283CA2-FA9F-4F91-9984-0AC1A29958C0}.dummy|Win32.Build.0 = Debug|Win32
		{C7283CA2-FA9F-4F91-9984-0AC1A29958C0}.Release|Win32.ActiveCfg = Release|Win32
		{C7283CA2-FA9F-4F91-9984-0AC1A29958C0}.Release|Win32.Build.0 = Release|Win32
		{C7283CA2-FA9F-4F91-9984-0AC1A29958C0}.small|Win32.ActiveCfg = Release|Win32
		{C7283CA2-FA9F-4F91-9984-0AC1A29958C0}.small|Win32.Build.0 = Release|Win32
		{DCB29D10-549D-49BC-AED1-1793F1EA3434}.Debug|Win32.ActiveCfg = Debug|Win32
		{DCB29D10-549D-49BC-AED1-1793F1EA3434}.Debug|Win32.Build.0 = Debug|Win32
		{DCB29D10-549D-49BC-AED1-1793F1EA3434}.dummy|Win32.ActiveCfg = Debug|Win32
		{DCB29D10-549D-49BC-AED1-1793F1EA3434}.dummy|Win32.Build.0 = Debug|Win32
		{DCB29D10-549D-49BC-AED1-1793F1EA3434}.Release|Win32.ActiveCfg = Release|Win32
		{DCB29D10-549D-49BC-AED1-1793F1EA3434}.Release|Win32.Build.0 = Release|Win32
		{DCB29D10-549D-49BC-AED1-1793F1EA3434}.small|Win32.ActiveCfg = Release|Win32
		{DCB29D10-549D-49BC-AED1-1793F1EA3434}.small|Win32.Build.0 = Release|Win32
		{C8F6C172-56F2-4E76-B5FA-C3B423B31BE7}.Debug|Win32.ActiveCfg = Debug|Win32
		{C8F6C172-56F2-4E76-B5FA-C3B423B31BE7}.Debug|Win32.Build.0 = Debug|Win32
		{C8F6C172-56F2-4E76-B5FA-C3B423B31BE7}.dummy|Win32.ActiveCfg = Debug|Win32
		{C8F6C172-56F2-4E76-B5FA-C3B423B31BE7}.dummy|Win32.Build.0 = Debug|Win32
		{C8F6C172-56F2-4E76-B5FA-C3B423B31BE7}.Release|Win32.ActiveCfg = Release|Win32
		{C8F6C172-56F2-4E76-B5FA-C3B423B31BE7}.Release|Win32.Build.0 = Release|Win32
		{C8F6C172-56F2-4E76-B5FA-C3B423B31BE7}.small|Win32.ActiveCfg = Release|Win32
		{C8F6C172-56F2-4E76-B5FA-C3B423B31BE7}.small|Win32.Build.0 = Release|Win32
		{B84F7231-16CE-41D8-8C08-7B523FF4225B}.Debug|Win32.ActiveCfg = Debug|Win32
		{B84F7231-16CE-41D8-8C08-7B523FF4225B}.Debug|Win32.Build.0 = Debug|Win32
		{B84F7231-16CE-41D8-8C08-7B523FF4225B}.dummy|Win32.ActiveCfg = dummy|Win32
		{B84F7231-16CE-41D8-8C08-7B523FF4225B}.dummy|Win32.Build.0 = dummy|Win32
		{B84F7231-16CE-41D8-8C08-7B523FF4225B}.Release|Win32.ActiveCfg = Release|Win32
		{B84F7231-16CE-41D8-8C08-7B523FF4225B}.Release|Win32.Build.0 = Release|Win32
		{B84F7231-16CE-41D8-8C08-7B523FF4225B}.small|Win32.ActiveCfg = dummy|Win32
		{B84F7231-16CE-41D8-8C08-7B523FF4225B}.small|Win32.Build.0 = dummy|Win32
		{450203B4-9505-4481-B0C8-8216C76E3404}.Debug|Win32.ActiveCfg = Debug|Win32
		{450203B4-9505-4481-B0C8-8216C76E3404}.Debug|Win32.Build.0 = Debug|Win32
		{450203B4-9505-4481-B0C8-8216C76E3404}.dummy|Win32.ActiveCfg = Debug|Win32
		{450203B4-9505-4481-B0C8-8216C76E3404}.dummy|Win32.Build.0 = Debug|Win32
		{450203B4-9505-4481-B0C8-8216C76E3404}.Release|Win32.ActiveCfg = Release|Win32
		{450203B4-9505-4481-B0C8-8216C76E3404}.Release|Win32.Build.0 = Release|Win32
		{450203B4-9505-4481-B0C8-8216C76E3404}.small|Win32.ActiveCfg = Release|Win32
		{450203B4-9505-4481-B0C8-8216C76E3404}.small|Win32.Build.0 = Release|Win32
	EndGlobalSection
	GlobalSection(SolutionProperties) = preSolution
		HideSolutionNode = FALSE
	EndGlobalSection
EndGlobal
